
Microsoft Visual Studio Solution File, Format Version 12.00
# Visual Studio Version 16
VisualStudioVersion = 25.0.1706.7
MinimumVisualStudioVersion = 10.0.40219.1
Project("{FAE04EC0-301F-11D3-BF4B-00C04F79EFBC}") = "SALONXAMARIN.Android", "SALONXAMARIN\SALONXAMARIN.Android\SALONXAMARIN.Android.csproj", "{919B0396-1D73-412A-89D8-4CABD8037D4D}"
EndProject
Project("{FAE04EC0-301F-11D3-BF4B-00C04F79EFBC}") = "SALONXAMARIN.iOS", "SALONXAMARIN\SALONXAMARIN.iOS\SALONXAMARIN.iOS.csproj", "{3B4B983D-6F8B-4ACA-8C06-5E8D60835DA3}"
EndProject
Project("{FAE04EC0-301F-11D3-BF4B-00C04F79EFBC}") = "SALONXAMARIN", "SALONXAMARIN\SALONXAMARIN\SALONXAMARIN.csproj", "{ED2D390F-21AC-46B1-9B24-6745FFFBFDA3}"
EndProject
Global
	GlobalSection(SolutionConfigurationPlatforms) = preSolution
		Debug|Any CPU = Debug|Any CPU
		Release|Any CPU = Release|Any CPU
		Debug|iPhoneSimulator = Debug|iPhoneSimulator
		Release|iPhoneSimulator = Release|iPhoneSimulator
		Debug|iPhone = Debug|iPhone
		Release|iPhone = Release|iPhone
	EndGlobalSection
	GlobalSection(ProjectConfigurationPlatforms) = postSolution
		{919B0396-1D73-412A-89D8-4CABD8037D4D}.Debug|Any CPU.ActiveCfg = Debug|Any CPU
		{919B0396-1D73-412A-89D8-4CABD8037D4D}.Debug|Any CPU.Build.0 = Debug|Any CPU
		{919B0396-1D73-412A-89D8-4CABD8037D4D}.Release|Any CPU.ActiveCfg = Release|Any CPU
		{919B0396-1D73-412A-89D8-4CABD8037D4D}.Release|Any CPU.Build.0 = Release|Any CPU
		{919B0396-1D73-412A-89D8-4CABD8037D4D}.Debug|iPhoneSimulator.ActiveCfg = Debug|Any CPU
		{919B0396-1D73-412A-89D8-4CABD8037D4D}.Debug|iPhoneSimulator.Build.0 = Debug|Any CPU
		{919B0396-1D73-412A-89D8-4CABD8037D4D}.Release|iPhoneSimulator.ActiveCfg = Release|Any CPU
		{919B0396-1D73-412A-89D8-4CABD8037D4D}.Release|iPhoneSimulator.Build.0 = Release|Any CPU
		{919B0396-1D73-412A-89D8-4CABD8037D4D}.Debug|iPhone.ActiveCfg = Debug|Any CPU
		{919B0396-1D73-412A-89D8-4CABD8037D4D}.Debug|iPhone.Build.0 = Debug|Any CPU
		{919B0396-1D73-412A-89D8-4CABD8037D4D}.Release|iPhone.ActiveCfg = Release|Any CPU
		{919B0396-1D73-412A-89D8-4CABD8037D4D}.Release|iPhone.Build.0 = Release|Any CPU
		{3B4B983D-6F8B-4ACA-8C06-5E8D60835DA3}.Debug|Any CPU.ActiveCfg = Debug|iPhoneSimulator
		{3B4B983D-6F8B-4ACA-8C06-5E8D60835DA3}.Debug|Any CPU.Build.0 = Debug|iPhoneSimulator
		{3B4B983D-6F8B-4ACA-8C06-5E8D60835DA3}.Release|Any CPU.ActiveCfg = Release|iPhoneSimulator
		{3B4B983D-6F8B-4ACA-8C06-5E8D60835DA3}.Release|Any CPU.Build.0 = Release|iPhoneSimulator
		{3B4B983D-6F8B-4ACA-8C06-5E8D60835DA3}.Debug|iPhoneSimulator.ActiveCfg = Debug|iPhoneSimulator
		{3B4B983D-6F8B-4ACA-8C06-5E8D60835DA3}.Debug|iPhoneSimulator.Build.0 = Debug|iPhoneSimulator
		{3B4B983D-6F8B-4ACA-8C06-5E8D60835DA3}.Release|iPhoneSimulator.ActiveCfg = Release|iPhoneSimulator
		{3B4B983D-6F8B-4ACA-8C06-5E8D60835DA3}.Release|iPhoneSimulator.Build.0 = Release|iPhoneSimulator
		{3B4B983D-6F8B-4ACA-8C06-5E8D60835DA3}.Debug|iPhone.ActiveCfg = Debug|iPhone
		{3B4B983D-6F8B-4ACA-8C06-5E8D60835DA3}.Debug|iPhone.Build.0 = Debug|iPhone
		{3B4B983D-6F8B-4ACA-8C06-5E8D60835DA3}.Release|iPhone.ActiveCfg = Release|iPhone
		{3B4B983D-6F8B-4ACA-8C06-5E8D60835DA3}.Release|iPhone.Build.0 = Release|iPhone
		{ED2D390F-21AC-46B1-9B24-6745FFFBFDA3}.Debug|Any CPU.ActiveCfg = Debug|Any CPU
		{ED2D390F-21AC-46B1-9B24-6745FFFBFDA3}.Debug|Any CPU.Build.0 = Debug|Any CPU
		{ED2D390F-21AC-46B1-9B24-6745FFFBFDA3}.Release|Any CPU.ActiveCfg = Release|Any CPU
		{ED2D390F-21AC-46B1-9B24-6745FFFBFDA3}.Release|Any CPU.Build.0 = Release|Any CPU
		{ED2D390F-21AC-46B1-9B24-6745FFFBFDA3}.Debug|iPhoneSimulator.ActiveCfg = Debug|Any CPU
		{ED2D390F-21AC-46B1-9B24-6745FFFBFDA3}.Debug|iPhoneSimulator.Build.0 = Debug|Any CPU
		{ED2D390F-21AC-46B1-9B24-6745FFFBFDA3}.Release|iPhoneSimulator.ActiveCfg = Release|Any CPU
		{ED2D390F-21AC-46B1-9B24-6745FFFBFDA3}.Release|iPhoneSimulator.Build.0 = Release|Any CPU
		{ED2D390F-21AC-46B1-9B24-6745FFFBFDA3}.Debug|iPhone.ActiveCfg = Debug|Any CPU
		{ED2D390F-21AC-46B1-9B24-6745FFFBFDA3}.Debug|iPhone.Build.0 = Debug|Any CPU
		{ED2D390F-21AC-46B1-9B24-6745FFFBFDA3}.Release|iPhone.ActiveCfg = Release|Any CPU
		{ED2D390F-21AC-46B1-9B24-6745FFFBFDA3}.Release|iPhone.Build.0 = Release|Any CPU
	EndGlobalSection
	GlobalSection(SolutionProperties) = preSolution
		HideSolutionNode = FALSE
	EndGlobalSection
	GlobalSection(ExtensibilityGlobals) = postSolution
		SolutionGuid = {31C60ACA-A25D-4A1E-B672-E3BFABE7A0FA}
	EndGlobalSection
EndGlobal
